
Microsoft Visual Studio Solution File, Format Version 12.00
# Visual Studio Version 17
VisualStudioVersion = 17.1.32319.34
MinimumVisualStudioVersion = 10.0.40219.1
Project("{9A19103F-16F7-4668-BE54-9A1E7A4F7556}") = "WebApplication1", "WebApplication1\WebApplication1.csproj", "{2CCE424C-C158-4BFD-998A-B74A5B82C9FE}"
EndProject
Project("{9A19103F-16F7-4668-BE54-9A1E7A4F7556}") = "ConsoleApp1", "ConsoleApp1\ConsoleApp1.csproj", "{FAC7DD2A-EA31-447E-AB66-099255BBEBEF}"
EndProject
Project("{9A19103F-16F7-4668-BE54-9A1E7A4F7556}") = "NDL.JWTAuth", "NDL.JWTAuth\NDL.JWTAuth.csproj", "{A0BE0A61-AC9C-46A2-AC38-D61607775B97}"
EndProject
Project("{FAE04EC0-301F-11D3-BF4B-00C04F79EFBC}") = "WebApplication2", "WebApplication2\WebApplication2.csproj", "{0F650D55-120D-40DF-A85C-8B978FD33E5A}"
EndProject
Global
	GlobalSection(SolutionConfigurationPlatforms) = preSolution
		Debug|Any CPU = Debug|Any CPU
		Release|Any CPU = Release|Any CPU
	EndGlobalSection
	GlobalSection(ProjectConfigurationPlatforms) = postSolution
		{2CCE424C-C158-4BFD-998A-B74A5B82C9FE}.Debug|Any CPU.ActiveCfg = Debug|Any CPU
		{2CCE424C-C158-4BFD-998A-B74A5B82C9FE}.Debug|Any CPU.Build.0 = Debug|Any CPU
		{2CCE424C-C158-4BFD-998A-B74A5B82C9FE}.Release|Any CPU.ActiveCfg = Release|Any CPU
		{2CCE424C-C158-4BFD-998A-B74A5B82C9FE}.Release|Any CPU.Build.0 = Release|Any CPU
		{FAC7DD2A-EA31-447E-AB66-099255BBEBEF}.Debug|Any CPU.ActiveCfg = Debug|Any CPU
		{FAC7DD2A-EA31-447E-AB66-099255BBEBEF}.Debug|Any CPU.Build.0 = Debug|Any CPU
		{FAC7DD2A-EA31-447E-AB66-099255BBEBEF}.Release|Any CPU.ActiveCfg = Release|Any CPU
		{FAC7DD2A-EA31-447E-AB66-099255BBEBEF}.Release|Any CPU.Build.0 = Release|Any CPU
		{A0BE0A61-AC9C-46A2-AC38-D61607775B97}.Debug|Any CPU.ActiveCfg = Debug|Any CPU
		{A0BE0A61-AC9C-46A2-AC38-D61607775B97}.Debug|Any CPU.Build.0 = Debug|Any CPU
		{A0BE0A61-AC9C-46A2-AC38-D61607775B97}.Release|Any CPU.ActiveCfg = Release|Any CPU
		{A0BE0A61-AC9C-46A2-AC38-D61607775B97}.Release|Any CPU.Build.0 = Release|Any CPU
		{0F650D55-120D-40DF-A85C-8B978FD33E5A}.Debug|Any CPU.ActiveCfg = Debug|Any CPU
		{0F650D55-120D-40DF-A85C-8B978FD33E5A}.Debug|Any CPU.Build.0 = Debug|Any CPU
		{0F650D55-120D-40DF-A85C-8B978FD33E5A}.Release|Any CPU.ActiveCfg = Release|Any CPU
		{0F650D55-120D-40DF-A85C-8B978FD33E5A}.Release|Any CPU.Build.0 = Release|Any CPU
	EndGlobalSection
	GlobalSection(SolutionProperties) = preSolution
		HideSolutionNode = FALSE
	EndGlobalSection
	GlobalSection(ExtensibilityGlobals) = postSolution
		SolutionGuid = {3F151136-D155-40AD-AFE3-7595EF23CEC8}
	EndGlobalSection
EndGlobal
